
Microsoft Visual Studio Solution File, Format Version 12.00
# Visual Studio Version 16
VisualStudioVersion = 16.0.30611.23
MinimumVisualStudioVersion = 10.0.40219.1
Project("{FAE04EC0-301F-11D3-BF4B-00C04F79EFBC}") = "LoginForm", "LoginForm.csproj", "{ABCE8970-64E7-4356-9256-707A1A641151}"
EndProject
Global
	GlobalSection(SolutionConfigurationPlatforms) = preSolution
		Debug|Any CPU = Debug|Any CPU
		Release|Any CPU = Release|Any CPU
	EndGlobalSection
	GlobalSection(ProjectConfigurationPlatforms) = postSolution
		{ABCE8970-64E7-4356-9256-707A1A641151}.Debug|Any CPU.ActiveCfg = Debug|Any CPU
		{ABCE8970-64E7-4356-9256-707A1A641151}.Debug|Any CPU.Build.0 = Debug|Any CPU
		{ABCE8970-64E7-4356-9256-707A1A641151}.Release|Any CPU.ActiveCfg = Release|Any CPU
		{ABCE8970-64E7-4356-9256-707A1A641151}.Release|Any CPU.Build.0 = Release|Any CPU
	EndGlobalSection
	GlobalSection(SolutionProperties) = preSolution
		HideSolutionNode = FALSE
	EndGlobalSection
	GlobalSection(ExtensibilityGlobals) = postSolution
		SolutionGuid = {6F7BEF0C-D5C2-4434-B743-0A9610541517}
	EndGlobalSection
EndGlobal
